
Microsoft Visual Studio Solution File, Format Version 12.00
# Visual Studio Version 17
VisualStudioVersion = 17.1.32328.378
MinimumVisualStudioVersion = 10.0.40219.1
Project("{888888A0-9F3D-457C-B088-3A5042F75D52}") = "MMM_project", "MMM_project\MMM_project.pyproj", "{D93EB683-B051-4D01-93E6-089C45584896}"
EndProject
Global
	GlobalSection(SolutionConfigurationPlatforms) = preSolution
		Debug|Any CPU = Debug|Any CPU
		Release|Any CPU = Release|Any CPU
	EndGlobalSection
	GlobalSection(ProjectConfigurationPlatforms) = postSolution
		{D93EB683-B051-4D01-93E6-089C45584896}.Debug|Any CPU.ActiveCfg = Debug|Any CPU
		{D93EB683-B051-4D01-93E6-089C45584896}.Release|Any CPU.ActiveCfg = Release|Any CPU
	EndGlobalSection
	GlobalSection(SolutionProperties) = preSolution
		HideSolutionNode = FALSE
	EndGlobalSection
	GlobalSection(ExtensibilityGlobals) = postSolution
		SolutionGuid = {2ED4DDC6-6DA7-41DF-AD8C-C3FD6FDDA9C3}
	EndGlobalSection
EndGlobal
